<?xml version="1.0" encoding="UTF-8"?>
<CONFIG>
  <ProjectOptions>
    <Version Value="12"/>
    <General>
      <Flags>
        <MainUnitHasCreateFormStatements Value="False"/>
        <MainUnitHasTitleStatement Value="False"/>
        <MainUnitHasScaledStatement Value="False"/>
      </Flags>
      <SessionStorage Value="InProjectDir"/>
      <Title Value="kayte"/>
      <UseAppBundle Value="False"/>
      <ResourceType Value="res"/>
      <Icon Value="0"/>
    </General>
    <VersionInfo>
      <UseVersionInfo Value="True"/>
    </VersionInfo>
    <BuildModes>
      <Item Name="Default" Default="True"/>
    </BuildModes>
    <PublishOptions>
      <Version Value="2"/>
      <UseFileFilters Value="True"/>
    </PublishOptions>
    <RunParams>
      <FormatVersion Value="2"/>
    </RunParams>
    <Units>
      <Unit>
        <Filename Value="kayte.lpr"/>
        <IsPartOfProject Value="True"/>
      </Unit>
      <Unit>
        <Filename Value="../demo/vulkan.pas"/>
        <IsPartOfProject Value="True"/>
        <UnitName Value="VulkanApp"/>
      </Unit>
      <Unit>
        <Filename Value="../demo/cli.pas"/>
        <IsPartOfProject Value="True"/>
        <UnitName Value="CLI"/>
      </Unit>
      <Unit>
        <Filename Value="../demo/bytecode.pas"/>
        <IsPartOfProject Value="True"/>
        <UnitName Value="Bytecode"/>
      </Unit>
      <Unit>
        <Filename Value="../demo/testbytecode.pas"/>
        <IsPartOfProject Value="True"/>
        <UnitName Value="TestBytecode"/>
      </Unit>
      <Unit>
        <Filename Value="../demo/testrunner.pas"/>
        <IsPartOfProject Value="True"/>
        <UnitName Value="TestRunner"/>
      </Unit>
      <Unit>
        <Filename Value="../demo/kayteparser.pas"/>
        <IsPartOfProject Value="True"/>
        <UnitName Value="KayteParser"/>
      </Unit>
      <Unit>
        <Filename Value="../demo/virtualmachine.pas"/>
        <IsPartOfProject Value="True"/>
        <UnitName Value="VirtualMachine"/>
      </Unit>
      <Unit>
        <Filename Value="../demo/xmlparser.pas"/>
        <IsPartOfProject Value="True"/>
        <UnitName Value="XMLParser"/>
      </Unit>
      <Unit>
        <Filename Value="../demo/sdk.pas"/>
        <IsPartOfProject Value="True"/>
      </Unit>
      <Unit>
        <Filename Value="../demo/kaytetosnes.pas"/>
        <IsPartOfProject Value="True"/>
      </Unit>
      <Unit>
        <Filename Value="../demo/n64.pas"/>
        <IsPartOfProject Value="True"/>
      </Unit>
      <Unit>
        <Filename Value="../demo/kayten64.pas"/>
        <IsPartOfProject Value="True"/>
        <UnitName Value="KayteN64"/>
      </Unit>
      <Unit>
        <Filename Value="../source/simplehttpserver.pas"/>
        <IsPartOfProject Value="True"/>
        <UnitName Value="SimpleHTTPServer"/>
      </Unit>
      <Unit>
        <Filename Value="../source/cli.pas"/>
        <IsPartOfProject Value="True"/>
        <UnitName Value="CLI"/>
      </Unit>
      <Unit>
        <Filename Value="../source/bytecode.pas"/>
        <IsPartOfProject Value="True"/>
      </Unit>
      <Unit>
        <Filename Value="../source/testbytecode.pas"/>
        <IsPartOfProject Value="True"/>
      </Unit>
      <Unit>
        <Filename Value="../source/virtualmachine.pas"/>
        <IsPartOfProject Value="True"/>
        <UnitName Value="VirtualMachine"/>
      </Unit>
      <Unit>
        <Filename Value="../source/xmlparser.pas"/>
        <IsPartOfProject Value="True"/>
      </Unit>
      <Unit>
        <Filename Value="../source/sdk.pas"/>
        <IsPartOfProject Value="True"/>
      </Unit>
      <Unit>
        <Filename Value="../source/c99.pas"/>
        <IsPartOfProject Value="True"/>
      </Unit>
      <Unit>
        <Filename Value="../source/kayte2pce.pas"/>
        <IsPartOfProject Value="True"/>
      </Unit>
      <Unit>
        <Filename Value="../source/kaytelibloader.pas"/>
        <IsPartOfProject Value="True"/>
      </Unit>
      <Unit>
        <Filename Value="../source/c_backend.pas"/>
        <IsPartOfProject Value="True"/>
      </Unit>
      <Unit>
        <Filename Value="../source/kayte_parser.pas"/>
        <IsPartOfProject Value="True"/>
      </Unit>
      <Unit>
        <Filename Value="../source/bytecode_embed.pas"/>
        <IsPartOfProject Value="True"/>
      </Unit>
      <Unit>
        <Filename Value="kayte_compiler.pas"/>
        <IsPartOfProject Value="True"/>
      </Unit>
      <Unit>
        <Filename Value="../source/kayte_runtime.pas"/>
        <IsPartOfProject Value="True"/>
      </Unit>
      <Unit>
        <Filename Value="../source/kayte_loader.pas"/>
        <IsPartOfProject Value="True"/>
      </Unit>
      <Unit>
        <Filename Value="../source/kayte_vm.pas"/>
        <IsPartOfProject Value="True"/>
      </Unit>
      <Unit>
        <Filename Value="../source/buildkayte.pas"/>
        <IsPartOfProject Value="True"/>
        <UnitName Value="BuildKayte"/>
      </Unit>
      <Unit>
        <Filename Value="../source/kaytesyntax.pas"/>
        <IsPartOfProject Value="True"/>
        <UnitName Value="KayteSyntax"/>
      </Unit>
      <Unit>
        <Filename Value="../jvm/jvm.pas"/>
        <IsPartOfProject Value="True"/>
        <UnitName Value="JVM"/>
      </Unit>
      <Unit>
        <Filename Value="../source/ast.pas"/>
        <IsPartOfProject Value="True"/>
        <UnitName Value="AST"/>
      </Unit>
      <Unit>
        <Filename Value="../source/crossplatform.pas"/>
        <IsPartOfProject Value="True"/>
        <UnitName Value="CrossPlatform"/>
      </Unit>
      <Unit>
        <Filename Value="../components/http/simplehttpserver.pas"/>
        <IsPartOfProject Value="True"/>
        <UnitName Value="SimpleHTTPServer"/>
      </Unit>
      <Unit>
        <Filename Value="../source/requesthandler.pas"/>
        <IsPartOfProject Value="True"/>
        <UnitName Value="RequestHandler"/>
      </Unit>
      <Unit>
        <Filename Value="../source/compiler.pas"/>
        <IsPartOfProject Value="True"/>
        <UnitName Value="Compiler"/>
      </Unit>
      <Unit>
        <Filename Value="../source/assembler.pas"/>
        <IsPartOfProject Value="True"/>
        <UnitName Value="Assembler"/>
      </Unit>
    </Units>
  </ProjectOptions>
  <CompilerOptions>
    <Version Value="11"/>
    <Target>
      <Filename Value="kayte"/>
    </Target>
    <SearchPaths>
      <IncludeFiles Value="$(ProjOutDir)"/>
      <OtherUnitFiles Value="../source;../jvm"/>
      <UnitOutputDirectory Value="lib/$(TargetCPU)-$(TargetOS)"/>
    </SearchPaths>
  </CompilerOptions>
  <Debugging>
    <Exceptions>
      <Item>
        <Name Value="EAbort"/>
      </Item>
      <Item>
        <Name Value="ECodetoolError"/>
      </Item>
      <Item>
        <Name Value="EFOpenError"/>
      </Item>
    </Exceptions>
  </Debugging>
</CONFIG>
