<?xml version="1.0" encoding="UTF-8"?>
<CONFIG>
  <ProjectOptions>
    <Version Value="12"/>
    <General>
      <Flags>
        <MainUnitHasCreateFormStatements Value="False"/>
        <MainUnitHasTitleStatement Value="False"/>
        <MainUnitHasScaledStatement Value="False"/>
      </Flags>
      <SessionStorage Value="InProjectDir"/>
      <Title Value="vb6interpreter"/>
      <UseAppBundle Value="False"/>
      <ResourceType Value="res"/>
    </General>
    <BuildModes>
      <Item Name="Default" Default="True"/>
    </BuildModes>
    <PublishOptions>
      <Version Value="2"/>
      <UseFileFilters Value="True"/>
    </PublishOptions>
    <RunParams>
      <FormatVersion Value="2"/>
    </RunParams>
    <RequiredPackages>
      <Item>
        <PackageName Value="LCL"/>
      </Item>
    </RequiredPackages>
    <Units>
      <Unit>
        <Filename Value="vb6interpreter.lpr"/>
        <IsPartOfProject Value="True"/>
      </Unit>
      <Unit>
        <Filename Value="../source/interpreterutils.pas"/>
        <IsPartOfProject Value="True"/>
        <UnitName Value="InterpreterUtils"/>
      </Unit>
      <Unit>
        <Filename Value="../source/interpretercore.pas"/>
        <IsPartOfProject Value="True"/>
        <UnitName Value="InterpreterCore"/>
      </Unit>
      <Unit>
        <Filename Value="../source/dhtml.pas"/>
        <IsPartOfProject Value="True"/>
      </Unit>
      <Unit>
        <Filename Value="../source/vbcompiler.pas"/>
        <IsPartOfProject Value="True"/>
        <UnitName Value="VBCompiler"/>
      </Unit>
      <Unit>
        <Filename Value="../source/synvbhighlighter.pas"/>
        <IsPartOfProject Value="True"/>
        <UnitName Value="SynVBHighlighter"/>
      </Unit>
      <Unit>
        <Filename Value="../source/jsbindings.pas"/>
        <IsPartOfProject Value="True"/>
        <UnitName Value="JSBindings"/>
      </Unit>
      <Unit>
        <Filename Value="../source/wincominterop.pas"/>
        <IsPartOfProject Value="True"/>
        <UnitName Value="WinComInterop"/>
      </Unit>
      <Unit>
        <Filename Value="../source/frm.pas"/>
        <IsPartOfProject Value="True"/>
        <ComponentName Value="Form1"/>
        <ResourceBaseClass Value="Form"/>
      </Unit>
      <Unit>
        <Filename Value="../source/bytecodetypes.pas"/>
        <IsPartOfProject Value="True"/>
        <UnitName Value="BytecodeTypes"/>
      </Unit>
      <Unit>
        <Filename Value="../source/bytecodevm.pas"/>
        <IsPartOfProject Value="True"/>
        <UnitName Value="BytecodeVM"/>
      </Unit>
      <Unit>
        <Filename Value="../source/lexer.pas"/>
        <IsPartOfProject Value="True"/>
        <UnitName Value="Lexer"/>
      </Unit>
      <Unit>
        <Filename Value="../source/parser.pas"/>
        <IsPartOfProject Value="True"/>
        <UnitName Value="Parser"/>
      </Unit>
      <Unit>
        <Filename Value="../source/vmui.pas"/>
        <IsPartOfProject Value="True"/>
        <UnitName Value="VMUI"/>
      </Unit>
      <Unit>
        <Filename Value="../source/formgenerator.pas"/>
        <IsPartOfProject Value="True"/>
        <UnitName Value="FormGenerator"/>
      </Unit>
      <Unit>
        <Filename Value="../source/tokendefs.pas"/>
        <IsPartOfProject Value="True"/>
        <UnitName Value="TokenDefs"/>
      </Unit>
      <Unit>
        <Filename Value="../source/umaininterpreterform.pas"/>
        <IsPartOfProject Value="True"/>
        <UnitName Value="UMainInterpreterForm"/>
      </Unit>
      <Unit>
        <Filename Value="../source/uvm.pas"/>
        <IsPartOfProject Value="True"/>
        <UnitName Value="UVM"/>
      </Unit>
      <Unit>
        <Filename Value="../source/uparsertypes.pas"/>
        <IsPartOfProject Value="True"/>
        <UnitName Value="UParserTypes"/>
      </Unit>
      <Unit>
        <Filename Value="../source/ukfrmtypes.pas"/>
        <IsPartOfProject Value="True"/>
        <UnitName Value="UKfrmTypes"/>
      </Unit>
      <Unit>
        <Filename Value="../source/fkfrmruntime.pas"/>
        <IsPartOfProject Value="True"/>
        <UnitName Value="FKfrmRuntime"/>
      </Unit>
      <Unit>
        <Filename Value="../Runtime/ukfrmruntime.pas"/>
        <IsPartOfProject Value="True"/>
        <UnitName Value="UKfrmRuntime"/>
      </Unit>
      <Unit>
        <Filename Value="../Router/ueventrouter.pas"/>
        <IsPartOfProject Value="True"/>
        <UnitName Value="UEventRouter"/>
      </Unit>
      <Unit>
        <Filename Value="../source/ukfrmparser.pas"/>
        <IsPartOfProject Value="True"/>
        <UnitName Value="UKfrmParser"/>
      </Unit>
    </Units>
  </ProjectOptions>
  <CompilerOptions>
    <Version Value="11"/>
    <Target>
      <Filename Value="vb6interpreter"/>
    </Target>
    <SearchPaths>
      <IncludeFiles Value="$(ProjOutDir)"/>
      <OtherUnitFiles Value="../source;../Runtime;../Router"/>
      <UnitOutputDirectory Value="lib/$(TargetCPU)-$(TargetOS)"/>
    </SearchPaths>
    <Linking>
      <Debugging>
        <DebugInfoType Value="dsDwarf3"/>
      </Debugging>
    </Linking>
    <Other>
      <CustomOptions Value="-order_file /Users/pedro/Projects/kayte-lang/projects/symbol_order.fpc"/>
    </Other>
  </CompilerOptions>
  <Debugging>
    <Exceptions>
      <Item>
        <Name Value="EAbort"/>
      </Item>
      <Item>
        <Name Value="ECodetoolError"/>
      </Item>
      <Item>
        <Name Value="EFOpenError"/>
      </Item>
    </Exceptions>
  </Debugging>
</CONFIG>
